
Microsoft Visual Studio Solution File, Format Version 12.00
# Visual Studio Version 16
VisualStudioVersion = 16.0.30406.217
MinimumVisualStudioVersion = 10.0.40219.1
Project("{FAE04EC0-301F-11D3-BF4B-00C04F79EFBC}") = "Prakash_GaggleChallenge", "Prakash_GaggleChallenge\Prakash_GaggleChallenge.csproj", "{F2C25D2B-A322-4604-BE55-D6BD93738D56}"
EndProject
Project("{FAE04EC0-301F-11D3-BF4B-00C04F79EFBC}") = "Library.DataAccess", "Library.DataAccess\Library.DataAccess.csproj", "{1EABD5D9-EA41-4BBD-93DD-544F5A50219E}"
EndProject
Project("{FAE04EC0-301F-11D3-BF4B-00C04F79EFBC}") = "Library.Models", "Library.Models\Library.Models.csproj", "{A2DECF37-64C1-4D02-8B9E-D5DFDDD6731A}"
EndProject
Project("{FAE04EC0-301F-11D3-BF4B-00C04F79EFBC}") = "Library.Services", "Library.Services\Library.Services.csproj", "{8A7A837F-F233-4783-B2B3-13A61F668018}"
EndProject
Global
	GlobalSection(SolutionConfigurationPlatforms) = preSolution
		Debug|Any CPU = Debug|Any CPU
		Release|Any CPU = Release|Any CPU
	EndGlobalSection
	GlobalSection(ProjectConfigurationPlatforms) = postSolution
		{F2C25D2B-A322-4604-BE55-D6BD93738D56}.Debug|Any CPU.ActiveCfg = Debug|Any CPU
		{F2C25D2B-A322-4604-BE55-D6BD93738D56}.Debug|Any CPU.Build.0 = Debug|Any CPU
		{F2C25D2B-A322-4604-BE55-D6BD93738D56}.Release|Any CPU.ActiveCfg = Release|Any CPU
		{F2C25D2B-A322-4604-BE55-D6BD93738D56}.Release|Any CPU.Build.0 = Release|Any CPU
		{1EABD5D9-EA41-4BBD-93DD-544F5A50219E}.Debug|Any CPU.ActiveCfg = Debug|Any CPU
		{1EABD5D9-EA41-4BBD-93DD-544F5A50219E}.Debug|Any CPU.Build.0 = Debug|Any CPU
		{1EABD5D9-EA41-4BBD-93DD-544F5A50219E}.Release|Any CPU.ActiveCfg = Release|Any CPU
		{1EABD5D9-EA41-4BBD-93DD-544F5A50219E}.Release|Any CPU.Build.0 = Release|Any CPU
		{A2DECF37-64C1-4D02-8B9E-D5DFDDD6731A}.Debug|Any CPU.ActiveCfg = Debug|Any CPU
		{A2DECF37-64C1-4D02-8B9E-D5DFDDD6731A}.Debug|Any CPU.Build.0 = Debug|Any CPU
		{A2DECF37-64C1-4D02-8B9E-D5DFDDD6731A}.Release|Any CPU.ActiveCfg = Release|Any CPU
		{A2DECF37-64C1-4D02-8B9E-D5DFDDD6731A}.Release|Any CPU.Build.0 = Release|Any CPU
		{8A7A837F-F233-4783-B2B3-13A61F668018}.Debug|Any CPU.ActiveCfg = Debug|Any CPU
		{8A7A837F-F233-4783-B2B3-13A61F668018}.Debug|Any CPU.Build.0 = Debug|Any CPU
		{8A7A837F-F233-4783-B2B3-13A61F668018}.Release|Any CPU.ActiveCfg = Release|Any CPU
		{8A7A837F-F233-4783-B2B3-13A61F668018}.Release|Any CPU.Build.0 = Release|Any CPU
	EndGlobalSection
	GlobalSection(SolutionProperties) = preSolution
		HideSolutionNode = FALSE
	EndGlobalSection
	GlobalSection(ExtensibilityGlobals) = postSolution
		SolutionGuid = {E0B02F81-FD52-4E9E-A771-1BA55559933C}
	EndGlobalSection
EndGlobal
